
Microsoft Visual Studio Solution File, Format Version 12.00
# Visual Studio Version 17
VisualStudioVersion = 17.8.34316.72
MinimumVisualStudioVersion = 10.0.40219.1
Project("{FAE04EC0-301F-11D3-BF4B-00C04F79EFBC}") = "case_study", "case_study\case_study.csproj", "{6F444805-2290-476B-AF55-CF85C5958FF4}"
EndProject
Global
	GlobalSection(SolutionConfigurationPlatforms) = preSolution
		Debug|Any CPU = Debug|Any CPU
		Release|Any CPU = Release|Any CPU
	EndGlobalSection
	GlobalSection(ProjectConfigurationPlatforms) = postSolution
		{6F444805-2290-476B-AF55-CF85C5958FF4}.Debug|Any CPU.ActiveCfg = Debug|Any CPU
		{6F444805-2290-476B-AF55-CF85C5958FF4}.Debug|Any CPU.Build.0 = Debug|Any CPU
		{6F444805-2290-476B-AF55-CF85C5958FF4}.Release|Any CPU.ActiveCfg = Release|Any CPU
		{6F444805-2290-476B-AF55-CF85C5958FF4}.Release|Any CPU.Build.0 = Release|Any CPU
	EndGlobalSection
	GlobalSection(SolutionProperties) = preSolution
		HideSolutionNode = FALSE
	EndGlobalSection
	GlobalSection(ExtensibilityGlobals) = postSolution
		SolutionGuid = {DBD64B35-5B23-44F1-B99E-78C4255AA8EE}
	EndGlobalSection
EndGlobal
